
Microsoft Visual Studio Solution File, Format Version 12.00
# Visual Studio Version 16
VisualStudioVersion = 16.0.30711.63
MinimumVisualStudioVersion = 10.0.40219.1
Project("{FAE04EC0-301F-11D3-BF4B-00C04F79EFBC}") = "OAK", "OAK\OAK.csproj", "{2526E063-5BF9-4D84-A096-9CBFE6863AEE}"
EndProject
Global
	GlobalSection(SolutionConfigurationPlatforms) = preSolution
		Debug|Any CPU = Debug|Any CPU
		Release|Any CPU = Release|Any CPU
	EndGlobalSection
	GlobalSection(ProjectConfigurationPlatforms) = postSolution
		{2526E063-5BF9-4D84-A096-9CBFE6863AEE}.Debug|Any CPU.ActiveCfg = Debug|Any CPU
		{2526E063-5BF9-4D84-A096-9CBFE6863AEE}.Debug|Any CPU.Build.0 = Debug|Any CPU
		{2526E063-5BF9-4D84-A096-9CBFE6863AEE}.Release|Any CPU.ActiveCfg = Release|Any CPU
		{2526E063-5BF9-4D84-A096-9CBFE6863AEE}.Release|Any CPU.Build.0 = Release|Any CPU
	EndGlobalSection
	GlobalSection(SolutionProperties) = preSolution
		HideSolutionNode = FALSE
	EndGlobalSection
	GlobalSection(ExtensibilityGlobals) = postSolution
		SolutionGuid = {B9682BF7-B2BF-4853-A379-001B4EFA2DCC}
	EndGlobalSection
EndGlobal
